
Microsoft Visual Studio Solution File, Format Version 12.00
# Visual Studio Version 17
VisualStudioVersion = 17.14.36623.8
MinimumVisualStudioVersion = 10.0.40219.1
Project("{FAE04EC0-301F-11D3-BF4B-00C04F79EFBC}") = "JalemosBackend", "JalemosBackend\JalemosBackend.csproj", "{49C2E0FB-17B2-49D5-926E-6FDC42207BAA}"
EndProject
Project("{FAE04EC0-301F-11D3-BF4B-00C04F79EFBC}") = "JalemosBackend.Tests", "..\tests\backend\JalemosBackend.Tests\JalemosBackend.Tests.csproj", "{32A40700-48B5-43AD-AD2C-593BAA7D0A61}"
EndProject
Global
	GlobalSection(SolutionConfigurationPlatforms) = preSolution
		Debug|Any CPU = Debug|Any CPU
		Debug|x64 = Debug|x64
		Debug|x86 = Debug|x86
		Release|Any CPU = Release|Any CPU
		Release|x64 = Release|x64
		Release|x86 = Release|x86
	EndGlobalSection
	GlobalSection(ProjectConfigurationPlatforms) = postSolution
		{49C2E0FB-17B2-49D5-926E-6FDC42207BAA}.Debug|Any CPU.ActiveCfg = Debug|Any CPU
		{49C2E0FB-17B2-49D5-926E-6FDC42207BAA}.Debug|Any CPU.Build.0 = Debug|Any CPU
		{49C2E0FB-17B2-49D5-926E-6FDC42207BAA}.Debug|x64.ActiveCfg = Debug|Any CPU
		{49C2E0FB-17B2-49D5-926E-6FDC42207BAA}.Debug|x64.Build.0 = Debug|Any CPU
		{49C2E0FB-17B2-49D5-926E-6FDC42207BAA}.Debug|x86.ActiveCfg = Debug|Any CPU
		{49C2E0FB-17B2-49D5-926E-6FDC42207BAA}.Debug|x86.Build.0 = Debug|Any CPU
		{49C2E0FB-17B2-49D5-926E-6FDC42207BAA}.Release|Any CPU.ActiveCfg = Release|Any CPU
		{49C2E0FB-17B2-49D5-926E-6FDC42207BAA}.Release|Any CPU.Build.0 = Release|Any CPU
		{49C2E0FB-17B2-49D5-926E-6FDC42207BAA}.Release|x64.ActiveCfg = Release|Any CPU
		{49C2E0FB-17B2-49D5-926E-6FDC42207BAA}.Release|x64.Build.0 = Release|Any CPU
		{49C2E0FB-17B2-49D5-926E-6FDC42207BAA}.Release|x86.ActiveCfg = Release|Any CPU
		{49C2E0FB-17B2-49D5-926E-6FDC42207BAA}.Release|x86.Build.0 = Release|Any CPU
		{32A40700-48B5-43AD-AD2C-593BAA7D0A61}.Debug|Any CPU.ActiveCfg = Debug|Any CPU
		{32A40700-48B5-43AD-AD2C-593BAA7D0A61}.Debug|Any CPU.Build.0 = Debug|Any CPU
		{32A40700-48B5-43AD-AD2C-593BAA7D0A61}.Debug|x64.ActiveCfg = Debug|Any CPU
		{32A40700-48B5-43AD-AD2C-593BAA7D0A61}.Debug|x64.Build.0 = Debug|Any CPU
		{32A40700-48B5-43AD-AD2C-593BAA7D0A61}.Debug|x86.ActiveCfg = Debug|Any CPU
		{32A40700-48B5-43AD-AD2C-593BAA7D0A61}.Debug|x86.Build.0 = Debug|Any CPU
		{32A40700-48B5-43AD-AD2C-593BAA7D0A61}.Release|Any CPU.ActiveCfg = Release|Any CPU
		{32A40700-48B5-43AD-AD2C-593BAA7D0A61}.Release|Any CPU.Build.0 = Release|Any CPU
		{32A40700-48B5-43AD-AD2C-593BAA7D0A61}.Release|x64.ActiveCfg = Release|Any CPU
		{32A40700-48B5-43AD-AD2C-593BAA7D0A61}.Release|x64.Build.0 = Release|Any CPU
		{32A40700-48B5-43AD-AD2C-593BAA7D0A61}.Release|x86.ActiveCfg = Release|Any CPU
		{32A40700-48B5-43AD-AD2C-593BAA7D0A61}.Release|x86.Build.0 = Release|Any CPU
	EndGlobalSection
	GlobalSection(SolutionProperties) = preSolution
		HideSolutionNode = FALSE
	EndGlobalSection
	GlobalSection(ExtensibilityGlobals) = postSolution
		SolutionGuid = {466FE916-2F40-4EBC-887B-6D6002E757BC}
	EndGlobalSection
EndGlobal
